
Microsoft Visual Studio Solution File, Format Version 12.00
# Visual Studio 15
VisualStudioVersion = 15.0.27130.2036
MinimumVisualStudioVersion = 10.0.40219.1
Project("{8BC9CEB8-8B4A-11D0-8D11-00A0C91BC942}") = "Test_Simulation", "Test_Simulation\Test_Simulation.vcxproj", "{FBEBBA23-490C-47C9-99D5-FA9E591D1116}"
EndProject
Global
	GlobalSection(SolutionConfigurationPlatforms) = preSolution
		Debug|x64 = Debug|x64
		Debug|x86 = Debug|x86
		Release|x64 = Release|x64
		Release|x86 = Release|x86
	EndGlobalSection
	GlobalSection(ProjectConfigurationPlatforms) = postSolution
		{FBEBBA23-490C-47C9-99D5-FA9E591D1116}.Debug|x64.ActiveCfg = Debug|x64
		{FBEBBA23-490C-47C9-99D5-FA9E591D1116}.Debug|x64.Build.0 = Debug|x64
		{FBEBBA23-490C-47C9-99D5-FA9E591D1116}.Debug|x86.ActiveCfg = Debug|Win32
		{FBEBBA23-490C-47C9-99D5-FA9E591D1116}.Debug|x86.Build.0 = Debug|Win32
		{FBEBBA23-490C-47C9-99D5-FA9E591D1116}.Release|x64.ActiveCfg = Release|x64
		{FBEBBA23-490C-47C9-99D5-FA9E591D1116}.Release|x64.Build.0 = Release|x64
		{FBEBBA23-490C-47C9-99D5-FA9E591D1116}.Release|x86.ActiveCfg = Release|Win32
		{FBEBBA23-490C-47C9-99D5-FA9E591D1116}.Release|x86.Build.0 = Release|Win32
	EndGlobalSection
	GlobalSection(SolutionProperties) = preSolution
		HideSolutionNode = FALSE
	EndGlobalSection
	GlobalSection(ExtensibilityGlobals) = postSolution
		SolutionGuid = {F5C246BF-D19C-493D-8229-840DFF38990D}
	EndGlobalSection
EndGlobal
