
Microsoft Visual Studio Solution File, Format Version 12.00
# Visual Studio 15
VisualStudioVersion = 15.0.27130.2036
MinimumVisualStudioVersion = 10.0.40219.1
Project("{8BC9CEB8-8B4A-11D0-8D11-00A0C91BC942}") = "Lab_Test_2", "Lab_Test_2\Lab_Test_2.vcxproj", "{0A8C6082-79E2-4691-B95F-49DCC70FC0D8}"
EndProject
Global
	GlobalSection(SolutionConfigurationPlatforms) = preSolution
		Debug|x64 = Debug|x64
		Debug|x86 = Debug|x86
		Release|x64 = Release|x64
		Release|x86 = Release|x86
	EndGlobalSection
	GlobalSection(ProjectConfigurationPlatforms) = postSolution
		{0A8C6082-79E2-4691-B95F-49DCC70FC0D8}.Debug|x64.ActiveCfg = Debug|x64
		{0A8C6082-79E2-4691-B95F-49DCC70FC0D8}.Debug|x64.Build.0 = Debug|x64
		{0A8C6082-79E2-4691-B95F-49DCC70FC0D8}.Debug|x86.ActiveCfg = Debug|Win32
		{0A8C6082-79E2-4691-B95F-49DCC70FC0D8}.Debug|x86.Build.0 = Debug|Win32
		{0A8C6082-79E2-4691-B95F-49DCC70FC0D8}.Release|x64.ActiveCfg = Release|x64
		{0A8C6082-79E2-4691-B95F-49DCC70FC0D8}.Release|x64.Build.0 = Release|x64
		{0A8C6082-79E2-4691-B95F-49DCC70FC0D8}.Release|x86.ActiveCfg = Release|Win32
		{0A8C6082-79E2-4691-B95F-49DCC70FC0D8}.Release|x86.Build.0 = Release|Win32
	EndGlobalSection
	GlobalSection(SolutionProperties) = preSolution
		HideSolutionNode = FALSE
	EndGlobalSection
	GlobalSection(ExtensibilityGlobals) = postSolution
		SolutionGuid = {98375772-268F-4998-A595-9E5BDCBC4C3C}
	EndGlobalSection
EndGlobal
